
Microsoft Visual Studio Solution File, Format Version 12.00
# Visual Studio Version 16
VisualStudioVersion = 16.0.33027.164
MinimumVisualStudioVersion = 10.0.40219.1
Project("{FAE04EC0-301F-11D3-BF4B-00C04F79EFBC}") = "ConcateLog", "ConcateLog\ConcateLog.csproj", "{DE0325E9-8953-4B35-A6D2-06C18993F5A5}"
EndProject
Project("{FAE04EC0-301F-11D3-BF4B-00C04F79EFBC}") = "ConcateLogTests", "ConcateLogTests\ConcateLogTests.csproj", "{272E5C67-C27D-4D8F-ABB9-808604804A65}"
EndProject
Global
	GlobalSection(SolutionConfigurationPlatforms) = preSolution
		Debug|Any CPU = Debug|Any CPU
		Release|Any CPU = Release|Any CPU
	EndGlobalSection
	GlobalSection(ProjectConfigurationPlatforms) = postSolution
		{DE0325E9-8953-4B35-A6D2-06C18993F5A5}.Debug|Any CPU.ActiveCfg = Debug|Any CPU
		{DE0325E9-8953-4B35-A6D2-06C18993F5A5}.Debug|Any CPU.Build.0 = Debug|Any CPU
		{DE0325E9-8953-4B35-A6D2-06C18993F5A5}.Release|Any CPU.ActiveCfg = Release|Any CPU
		{DE0325E9-8953-4B35-A6D2-06C18993F5A5}.Release|Any CPU.Build.0 = Release|Any CPU
		{272E5C67-C27D-4D8F-ABB9-808604804A65}.Debug|Any CPU.ActiveCfg = Debug|Any CPU
		{272E5C67-C27D-4D8F-ABB9-808604804A65}.Debug|Any CPU.Build.0 = Debug|Any CPU
		{272E5C67-C27D-4D8F-ABB9-808604804A65}.Release|Any CPU.ActiveCfg = Release|Any CPU
		{272E5C67-C27D-4D8F-ABB9-808604804A65}.Release|Any CPU.Build.0 = Release|Any CPU
	EndGlobalSection
	GlobalSection(SolutionProperties) = preSolution
		HideSolutionNode = FALSE
	EndGlobalSection
	GlobalSection(ExtensibilityGlobals) = postSolution
		SolutionGuid = {4FDC3E0E-3837-4A3E-99D4-8CCA6CA690BB}
	EndGlobalSection
EndGlobal
